<?xml version="1.0" encoding="utf-8"?>
<Project ToolsVersion="4.0" xmlns="http://schemas.microsoft.com/developer/msbuild/2003">
  <ItemGroup>
    <Filter Include="Source Files">
      <UniqueIdentifier>{4FC737F1-C7A5-4376-A066-2A32D752A2FF}</UniqueIdentifier>
      <Extensions>cpp;c;cc;cxx;c++;cppm;ixx;def;odl;idl;hpj;bat;asm;asmx</Extensions>
    </Filter>
    <Filter Include="Header Files">
      <UniqueIdentifier>{93995380-89BD-4b04-88EB-625FBE52EBFB}</UniqueIdentifier>
      <Extensions>h;hh;hpp;hxx;h++;hm;inl;inc;ipp;xsd</Extensions>
    </Filter>
    <Filter Include="Resource Files">
      <UniqueIdentifier>{67DA6AB6-F800-4c08-8B7A-83BB121AAD01}</UniqueIdentifier>
      <Extensions>rc;ico;cur;bmp;dlg;rc2;rct;bin;rgs;gif;jpg;jpeg;jpe;resx;tiff;tif;png;wav;mfcribbon-ms</Extensions>
    </Filter>
    <Filter Include="Main">
      <UniqueIdentifier>{e4e7d007-c3b6-46b7-8f57-6c94ab8fa148}</UniqueIdentifier>
    </Filter>
    <Filter Include="#Ball">
      <UniqueIdentifier>{459d2f0e-47dd-4091-94fa-2f9928431ca3}</UniqueIdentifier>
    </Filter>
    <Filter Include="#Ball\Ball">
      <UniqueIdentifier>{c6f5a32c-9ff3-433c-bf19-825baa0ccfbb}</UniqueIdentifier>
    </Filter>
    <Filter Include="#Ball\Ball_Set">
      <UniqueIdentifier>{03626d77-b212-4210-a9a0-05f222a73005}</UniqueIdentifier>
    </Filter>
    <Filter Include="#Border">
      <UniqueIdentifier>{db25ebd3-3dac-4f23-9a1c-41e7b2d3c6d9}</UniqueIdentifier>
    </Filter>
    <Filter Include="#Border\Border">
      <UniqueIdentifier>{952042fe-9201-491f-aba0-ad257b247e73}</UniqueIdentifier>
    </Filter>
    <Filter Include="#Border\Gate">
      <UniqueIdentifier>{02c9aa06-700e-4b17-8dcf-2e646297cfbd}</UniqueIdentifier>
    </Filter>
    <Filter Include="#Laser_Beam">
      <UniqueIdentifier>{704416c8-f697-42fd-84ac-ede6c50e1af5}</UniqueIdentifier>
    </Filter>
    <Filter Include="#Laser_Beam\Laser_Beam">
      <UniqueIdentifier>{5f0511df-601f-460b-b76d-f0494954c60e}</UniqueIdentifier>
    </Filter>
    <Filter Include="#Laser_Beam\Laser_Beam_Set">
      <UniqueIdentifier>{dc5db6d4-0020-478a-b4b2-c57b81c4e2c4}</UniqueIdentifier>
    </Filter>
    <Filter Include="#Monsters">
      <UniqueIdentifier>{9463ffaf-f923-4fad-9da6-8e10204c99c0}</UniqueIdentifier>
    </Filter>
    <Filter Include="#Monsters\Explosive_Ball">
      <UniqueIdentifier>{9ba40ca5-f570-40b8-b395-04a9bab4ea48}</UniqueIdentifier>
    </Filter>
    <Filter Include="#Monsters\Monster">
      <UniqueIdentifier>{396ff009-cff9-4662-9009-15c9bc2f120c}</UniqueIdentifier>
    </Filter>
    <Filter Include="#Monsters\Monster_Set">
      <UniqueIdentifier>{807b0f19-6010-48e0-986b-00ee4f760fe9}</UniqueIdentifier>
    </Filter>
    <Filter Include="#Platform">
      <UniqueIdentifier>{fb5efdc1-105b-4a17-aebe-670778ef916f}</UniqueIdentifier>
    </Filter>
    <Filter Include="#Platform\Platform">
      <UniqueIdentifier>{3f78ed35-0e6f-4421-859b-ada5258b3515}</UniqueIdentifier>
    </Filter>
    <Filter Include="#Platform\Platform_Expanding">
      <UniqueIdentifier>{6e99bc33-8d84-464c-b08e-a494e2904655}</UniqueIdentifier>
    </Filter>
    <Filter Include="#Platform\Platform_Glue">
      <UniqueIdentifier>{a03b9ac8-d98a-4cc7-ab60-9d8c449cb25d}</UniqueIdentifier>
    </Filter>
    <Filter Include="#Platform\Platform_Laser">
      <UniqueIdentifier>{17d86ddb-4591-44bc-8657-8d9fd22ac488}</UniqueIdentifier>
    </Filter>
    <Filter Include="#Platform\Platform_State">
      <UniqueIdentifier>{853c0385-5925-4256-9595-d875cfd15802}</UniqueIdentifier>
    </Filter>
    <Filter Include="#Screen">
      <UniqueIdentifier>{a98e0246-02f0-4336-b1a9-75a925a8f535}</UniqueIdentifier>
    </Filter>
    <Filter Include="#Screen\Active_Brick">
      <UniqueIdentifier>{3a23d3a7-c6d6-4ba5-8909-51f84e3f1ab4}</UniqueIdentifier>
    </Filter>
    <Filter Include="#Screen\Falling_Letter">
      <UniqueIdentifier>{3ea7cecb-ee50-4cb5-aef3-06fb19427e00}</UniqueIdentifier>
    </Filter>
    <Filter Include="#Screen\Indicator">
      <UniqueIdentifier>{0581153d-0379-4e00-abe5-08d682e001ff}</UniqueIdentifier>
    </Filter>
    <Filter Include="#Screen\Info_Panel">
      <UniqueIdentifier>{3884f85d-8110-4599-b764-56e79fb113de}</UniqueIdentifier>
    </Filter>
    <Filter Include="#Screen\Level">
      <UniqueIdentifier>{fa5648fb-22bf-409c-84fe-61c5694cab88}</UniqueIdentifier>
    </Filter>
    <Filter Include="#Screen\Level_Data">
      <UniqueIdentifier>{a006fd53-b22e-4fab-ba75-6a2c89b631f4}</UniqueIdentifier>
    </Filter>
    <Filter Include="#Tools">
      <UniqueIdentifier>{f120b213-1f85-46bd-90bc-814979bc903b}</UniqueIdentifier>
    </Filter>
    <Filter Include="#Tools\Common">
      <UniqueIdentifier>{4e141031-f2f8-43d6-a651-bf6aab7499d3}</UniqueIdentifier>
    </Filter>
    <Filter Include="#Tools\Config">
      <UniqueIdentifier>{e59c5da9-53d6-4f3b-8e16-f8b4ab702cbb}</UniqueIdentifier>
    </Filter>
    <Filter Include="Engine">
      <UniqueIdentifier>{965542f3-2fde-4df0-afe1-92c0b8fc6738}</UniqueIdentifier>
    </Filter>
  </ItemGroup>
  <ItemGroup>
    <ClInclude Include="framework.h">
      <Filter>Header Files</Filter>
    </ClInclude>
    <ClInclude Include="targetver.h">
      <Filter>Header Files</Filter>
    </ClInclude>
    <ClInclude Include="Resource.h">
      <Filter>Header Files</Filter>
    </ClInclude>
    <ClInclude Include="..\..\..\..\..\01_Downloads\Popcorn_part_85_2\Popcorn\Popcorn\Main.h">
      <Filter>Main</Filter>
    </ClInclude>
    <ClInclude Include="..\..\..\..\..\01_Downloads\Popcorn_part_85_2\Popcorn\Popcorn\Ball.h">
      <Filter>#Ball\Ball</Filter>
    </ClInclude>
    <ClInclude Include="..\..\..\..\..\01_Downloads\Popcorn_part_85_2\Popcorn\Popcorn\Ball_Set.h">
      <Filter>#Ball\Ball_Set</Filter>
    </ClInclude>
    <ClInclude Include="..\..\..\..\..\01_Downloads\Popcorn_part_85_2\Popcorn\Popcorn\Border.h">
      <Filter>#Border\Border</Filter>
    </ClInclude>
    <ClInclude Include="..\..\..\..\..\01_Downloads\Popcorn_part_85_2\Popcorn\Popcorn\Gate.h">
      <Filter>#Border\Gate</Filter>
    </ClInclude>
    <ClInclude Include="..\..\..\..\..\01_Downloads\Popcorn_part_85_2\Popcorn\Popcorn\Laser_Beam.h">
      <Filter>#Laser_Beam\Laser_Beam</Filter>
    </ClInclude>
    <ClInclude Include="..\..\..\..\..\01_Downloads\Popcorn_part_85_2\Popcorn\Popcorn\Laser_Beam_Set.h">
      <Filter>#Laser_Beam\Laser_Beam_Set</Filter>
    </ClInclude>
    <ClInclude Include="..\..\..\..\..\01_Downloads\Popcorn_part_85_2\Popcorn\Popcorn\Explosive_Ball.h">
      <Filter>#Monsters\Explosive_Ball</Filter>
    </ClInclude>
    <ClInclude Include="..\..\..\..\..\01_Downloads\Popcorn_part_85_2\Popcorn\Popcorn\Monster.h">
      <Filter>#Monsters\Monster</Filter>
    </ClInclude>
    <ClInclude Include="..\..\..\..\..\01_Downloads\Popcorn_part_85_2\Popcorn\Popcorn\Monster_Set.h">
      <Filter>#Monsters\Monster_Set</Filter>
    </ClInclude>
    <ClInclude Include="..\..\..\..\..\01_Downloads\Popcorn_part_85_2\Popcorn\Popcorn\Platform_State.h">
      <Filter>#Platform\Platform_State</Filter>
    </ClInclude>
    <ClInclude Include="..\..\..\..\..\01_Downloads\Popcorn_part_85_2\Popcorn\Popcorn\Platform_Laser.h">
      <Filter>#Platform\Platform_Laser</Filter>
    </ClInclude>
    <ClInclude Include="..\..\..\..\..\01_Downloads\Popcorn_part_85_2\Popcorn\Popcorn\Platform_Glue.h">
      <Filter>#Platform\Platform_Glue</Filter>
    </ClInclude>
    <ClInclude Include="..\..\..\..\..\01_Downloads\Popcorn_part_85_2\Popcorn\Popcorn\Platform_Expanding.h">
      <Filter>#Platform\Platform_Expanding</Filter>
    </ClInclude>
    <ClInclude Include="..\..\..\..\..\01_Downloads\Popcorn_part_85_2\Popcorn\Popcorn\Platform.h">
      <Filter>#Platform\Platform</Filter>
    </ClInclude>
    <ClInclude Include="..\..\..\..\..\01_Downloads\Popcorn_part_85_2\Popcorn\Popcorn\Active_Brick.h">
      <Filter>#Screen\Active_Brick</Filter>
    </ClInclude>
    <ClInclude Include="..\..\..\..\..\01_Downloads\Popcorn_part_85_2\Popcorn\Popcorn\Falling_Letter.h">
      <Filter>#Screen\Falling_Letter</Filter>
    </ClInclude>
    <ClInclude Include="..\..\..\..\..\01_Downloads\Popcorn_part_85_2\Popcorn\Popcorn\Indicator.h">
      <Filter>#Screen\Indicator</Filter>
    </ClInclude>
    <ClInclude Include="..\..\..\..\..\01_Downloads\Popcorn_part_85_2\Popcorn\Popcorn\Info_Panel.h">
      <Filter>#Screen\Info_Panel</Filter>
    </ClInclude>
    <ClInclude Include="..\..\..\..\..\01_Downloads\Popcorn_part_85_2\Popcorn\Popcorn\Level.h">
      <Filter>#Screen\Level</Filter>
    </ClInclude>
    <ClInclude Include="..\..\..\..\..\01_Downloads\Popcorn_part_85_2\Popcorn\Popcorn\Level_Data.h">
      <Filter>#Screen\Level_Data</Filter>
    </ClInclude>
    <ClInclude Include="..\..\..\..\..\01_Downloads\Popcorn_part_85_2\Popcorn\Popcorn\Common.h">
      <Filter>#Tools\Common</Filter>
    </ClInclude>
    <ClInclude Include="..\..\..\..\..\01_Downloads\Popcorn_part_85_2\Popcorn\Popcorn\Config.h">
      <Filter>#Tools\Config</Filter>
    </ClInclude>
    <ClInclude Include="..\..\..\..\..\01_Downloads\Popcorn_part_85_2\Popcorn\Popcorn\Engine.h">
      <Filter>Engine</Filter>
    </ClInclude>
  </ItemGroup>
  <ItemGroup>
    <ClCompile Include="..\..\..\..\..\01_Downloads\Popcorn_part_85_2\Popcorn\Popcorn\Main.cpp">
      <Filter>Main</Filter>
    </ClCompile>
    <ClCompile Include="..\..\..\..\..\01_Downloads\Popcorn_part_85_2\Popcorn\Popcorn\Ball.cpp">
      <Filter>#Ball\Ball</Filter>
    </ClCompile>
    <ClCompile Include="..\..\..\..\..\01_Downloads\Popcorn_part_85_2\Popcorn\Popcorn\Ball_Set.cpp">
      <Filter>#Ball\Ball_Set</Filter>
    </ClCompile>
    <ClCompile Include="..\..\..\..\..\01_Downloads\Popcorn_part_85_2\Popcorn\Popcorn\Border.cpp">
      <Filter>#Border\Border</Filter>
    </ClCompile>
    <ClCompile Include="..\..\..\..\..\01_Downloads\Popcorn_part_85_2\Popcorn\Popcorn\Gate.cpp">
      <Filter>#Border\Gate</Filter>
    </ClCompile>
    <ClCompile Include="..\..\..\..\..\01_Downloads\Popcorn_part_85_2\Popcorn\Popcorn\Laser_Beam.cpp">
      <Filter>#Laser_Beam\Laser_Beam</Filter>
    </ClCompile>
    <ClCompile Include="..\..\..\..\..\01_Downloads\Popcorn_part_85_2\Popcorn\Popcorn\Laser_Beam_Set.cpp">
      <Filter>#Laser_Beam\Laser_Beam_Set</Filter>
    </ClCompile>
    <ClCompile Include="..\..\..\..\..\01_Downloads\Popcorn_part_85_2\Popcorn\Popcorn\Explosive_Ball.cpp">
      <Filter>#Monsters\Explosive_Ball</Filter>
    </ClCompile>
    <ClCompile Include="..\..\..\..\..\01_Downloads\Popcorn_part_85_2\Popcorn\Popcorn\Monster.cpp">
      <Filter>#Monsters\Monster</Filter>
    </ClCompile>
    <ClCompile Include="..\..\..\..\..\01_Downloads\Popcorn_part_85_2\Popcorn\Popcorn\Monster_Set.cpp">
      <Filter>#Monsters\Monster_Set</Filter>
    </ClCompile>
    <ClCompile Include="..\..\..\..\..\01_Downloads\Popcorn_part_85_2\Popcorn\Popcorn\Platform_State.cpp">
      <Filter>#Platform\Platform_State</Filter>
    </ClCompile>
    <ClCompile Include="..\..\..\..\..\01_Downloads\Popcorn_part_85_2\Popcorn\Popcorn\Platform_Laser.cpp">
      <Filter>#Platform\Platform_Laser</Filter>
    </ClCompile>
    <ClCompile Include="..\..\..\..\..\01_Downloads\Popcorn_part_85_2\Popcorn\Popcorn\Platform_Glue.cpp">
      <Filter>#Platform\Platform_Glue</Filter>
    </ClCompile>
    <ClCompile Include="..\..\..\..\..\01_Downloads\Popcorn_part_85_2\Popcorn\Popcorn\Platform_Expanding.cpp">
      <Filter>#Platform\Platform_Expanding</Filter>
    </ClCompile>
    <ClCompile Include="..\..\..\..\..\01_Downloads\Popcorn_part_85_2\Popcorn\Popcorn\Platform.cpp">
      <Filter>#Platform\Platform</Filter>
    </ClCompile>
    <ClCompile Include="..\..\..\..\..\01_Downloads\Popcorn_part_85_2\Popcorn\Popcorn\Active_Brick.cpp">
      <Filter>#Screen\Active_Brick</Filter>
    </ClCompile>
    <ClCompile Include="..\..\..\..\..\01_Downloads\Popcorn_part_85_2\Popcorn\Popcorn\Falling_Letter.cpp">
      <Filter>#Screen\Falling_Letter</Filter>
    </ClCompile>
    <ClCompile Include="..\..\..\..\..\01_Downloads\Popcorn_part_85_2\Popcorn\Popcorn\Indicator.cpp">
      <Filter>#Screen\Indicator</Filter>
    </ClCompile>
    <ClCompile Include="..\..\..\..\..\01_Downloads\Popcorn_part_85_2\Popcorn\Popcorn\Info_Panel.cpp">
      <Filter>#Screen\Info_Panel</Filter>
    </ClCompile>
    <ClCompile Include="..\..\..\..\..\01_Downloads\Popcorn_part_85_2\Popcorn\Popcorn\Level.cpp">
      <Filter>#Screen\Level</Filter>
    </ClCompile>
    <ClCompile Include="..\..\..\..\..\01_Downloads\Popcorn_part_85_2\Popcorn\Popcorn\Level_Data.cpp">
      <Filter>#Screen\Level_Data</Filter>
    </ClCompile>
    <ClCompile Include="..\..\..\..\..\01_Downloads\Popcorn_part_85_2\Popcorn\Popcorn\Common.cpp">
      <Filter>#Tools\Common</Filter>
    </ClCompile>
    <ClCompile Include="..\..\..\..\..\01_Downloads\Popcorn_part_85_2\Popcorn\Popcorn\Config.cpp">
      <Filter>#Tools\Config</Filter>
    </ClCompile>
    <ClCompile Include="..\..\..\..\..\01_Downloads\Popcorn_part_85_2\Popcorn\Popcorn\Engine.cpp">
      <Filter>Engine</Filter>
    </ClCompile>
  </ItemGroup>
  <ItemGroup>
    <ResourceCompile Include="Popcorn.rc">
      <Filter>Resource Files</Filter>
    </ResourceCompile>
  </ItemGroup>
  <ItemGroup>
    <Image Include="small.ico">
      <Filter>Resource Files</Filter>
    </Image>
    <Image Include="Popcorn.ico">
      <Filter>Resource Files</Filter>
    </Image>
  </ItemGroup>
</Project>